PODS:
  - Alamofire (5.5.0)
  - MobilliumBuilders (1.4.0)
  - SwiftLint (0.46.2)
  - TinyConstraints (4.0.2)

DEPENDENCIES:
  - Alamofire (~> 5.5)
  - MobilliumBuilders (~> 1.4)
  - SwiftLint (~> 0.46)
  - TinyConstraints (~> 4.0)

SPEC REPOS:
  trunk:
    - Alamofire
    - MobilliumBuilders
    - SwiftLint
    - TinyConstraints

SPEC CHECKSUMS:
  Alamofire: 1c4fb5369c3fe93d2857c780d8bbe09f06f97e7c
  MobilliumBuilders: 9990948aea3e132044431289dda869f524fcadac
  SwiftLint: 6bc52a21f0fd44cab9aa2dc8e534fb9f5e3ec507
  TinyConstraints: 7b7ccc0c485bb3bb47082138ff28bc33cd49897f

PODFILE CHECKSUM: 556e9fe6ce671e03e2487d31054d562022834231

COCOAPODS: 1.11.2
