PODS:
  - Alamofire (5.5.0)
  - IQKeyboardManagerSwift (6.5.9)
  - MobilliumBuilders (1.4.0)
  - SwiftEntryKit (2.0.0)
  - SwiftGen (6.5.1)
  - SwiftLint (0.46.2)
  - TinyConstraints (4.0.2)

DEPENDENCIES:
  - Alamofire (~> 5.5)
  - IQKeyboardManagerSwift (~> 6.5)
  - MobilliumBuilders (~> 1.4)
  - SwiftEntryKit (~> 2.0)
  - SwiftGen (~> 6.5)
  - SwiftLint (~> 0.46)
  - TinyConstraints (~> 4.0)

SPEC REPOS:
  trunk:
    - Alamofire
    - IQKeyboardManagerSwift
    - MobilliumBuilders
    - SwiftEntryKit
    - SwiftGen
    - SwiftLint
    - TinyConstraints

SPEC CHECKSUMS:
  Alamofire: 1c4fb5369c3fe93d2857c780d8bbe09f06f97e7c
  IQKeyboardManagerSwift: 6e839c575c4aa1078d58a596e41244e77abe918f
  MobilliumBuilders: 9990948aea3e132044431289dda869f524fcadac
  SwiftEntryKit: 61b5fa36f34a97dd8013e48a7345bc4c4720be9a
  SwiftGen: a6d22010845f08fe18fbdf3a07a8e380fd22e0ea
  SwiftLint: 6bc52a21f0fd44cab9aa2dc8e534fb9f5e3ec507
  TinyConstraints: 7b7ccc0c485bb3bb47082138ff28bc33cd49897f

PODFILE CHECKSUM: 94168afb0aceba69136020d89fa4d2d3aff0cff4

COCOAPODS: 1.11.2
