// !$*UTF8*$!
{
	archiveVersion = 1;
	classes = {
	};
	objectVersion = 51;
	objects = {

/* Begin PBXBuildFile section */
		6A23F85227B4FF5D0082079E /* LaunchScreen.storyboard in Resources */ = {isa = PBXBuildFile; fileRef = 6A23F85127B4FF5D0082079E /* LaunchScreen.storyboard */; };
		6A23F8ED27B501AB0082079E /* DataProvider.framework in Frameworks */ = {isa = PBXBuildFile; fileRef = 6A23F8EC27B501AB0082079E /* DataProvider.framework */; };
		6A23F8EE27B501AB0082079E /* DataProvider.framework in Embed Frameworks */ = {isa = PBXBuildFile; fileRef = 6A23F8EC27B501AB0082079E /* DataProvider.framework */; settings = {ATTRIBUTES = (CodeSignOnCopy, RemoveHeadersOnCopy, ); }; };
		6A23F8F127B501AF0082079E /* UIComponents.framework in Frameworks */ = {isa = PBXBuildFile; fileRef = 6A23F8F027B501AF0082079E /* UIComponents.framework */; };
		6A23F8F227B501AF0082079E /* UIComponents.framework in Embed Frameworks */ = {isa = PBXBuildFile; fileRef = 6A23F8F027B501AF0082079E /* UIComponents.framework */; settings = {ATTRIBUTES = (CodeSignOnCopy, RemoveHeadersOnCopy, ); }; };
		6A23F8F427B501CA0082079E /* Utilities.framework in Frameworks */ = {isa = PBXBuildFile; fileRef = 6A23F8F327B501CA0082079E /* Utilities.framework */; };
		6A23F8F527B501CA0082079E /* Utilities.framework in Embed Frameworks */ = {isa = PBXBuildFile; fileRef = 6A23F8F327B501CA0082079E /* Utilities.framework */; settings = {ATTRIBUTES = (CodeSignOnCopy, RemoveHeadersOnCopy, ); }; };
		6A23F8FE27B52FC30082079E /* Animator.swift in Sources */ = {isa = PBXBuildFile; fileRef = 6A23F8FD27B52FC30082079E /* Animator.swift */; };
		6A23F90027B530030082079E /* Router.swift in Sources */ = {isa = PBXBuildFile; fileRef = 6A23F8FF27B530030082079E /* Router.swift */; };
		6A23F90427B532990082079E /* PushTransition.swift in Sources */ = {isa = PBXBuildFile; fileRef = 6A23F90327B532990082079E /* PushTransition.swift */; };
		6A23F90727B532A50082079E /* ModalTransition.swift in Sources */ = {isa = PBXBuildFile; fileRef = 6A23F90527B532A40082079E /* ModalTransition.swift */; };
		6A23F90A27B532B00082079E /* Transition.swift in Sources */ = {isa = PBXBuildFile; fileRef = 6A23F90927B532B00082079E /* Transition.swift */; };
		6A23F91027B535540082079E /* BaseViewController.swift in Sources */ = {isa = PBXBuildFile; fileRef = 6A23F90D27B535540082079E /* BaseViewController.swift */; };
		6A23F91127B535540082079E /* BaseViewModel.swift in Sources */ = {isa = PBXBuildFile; fileRef = 6A23F90E27B535540082079E /* BaseViewModel.swift */; };
		6A23F91227B535540082079E /* BaseRouter.swift in Sources */ = {isa = PBXBuildFile; fileRef = 6A23F90F27B535540082079E /* BaseRouter.swift */; };
		6A23F91727B5403A0082079E /* PlaceOnWindowTransition.swift in Sources */ = {isa = PBXBuildFile; fileRef = 6A23F91627B5403A0082079E /* PlaceOnWindowTransition.swift */; };
		6A23F91D27B540E20082079E /* LoginRouter.swift in Sources */ = {isa = PBXBuildFile; fileRef = 6A23F91A27B540E20082079E /* LoginRouter.swift */; };
		6A23F91E27B540E20082079E /* LoginViewController.swift in Sources */ = {isa = PBXBuildFile; fileRef = 6A23F91B27B540E20082079E /* LoginViewController.swift */; };
		6A23F91F27B540E20082079E /* LoginViewModel.swift in Sources */ = {isa = PBXBuildFile; fileRef = 6A23F91C27B540E20082079E /* LoginViewModel.swift */; };
		6A23F92127B540F70082079E /* LoginRoute.swift in Sources */ = {isa = PBXBuildFile; fileRef = 6A23F92027B540F70082079E /* LoginRoute.swift */; };
		6A23F92327B5454C0082079E /* AppRouter.swift in Sources */ = {isa = PBXBuildFile; fileRef = 6A23F92227B5454C0082079E /* AppRouter.swift */; };
		6A4C47F227C3D7DB00845F66 /* Validation.swift in Sources */ = {isa = PBXBuildFile; fileRef = 6A4C47F127C3D7DB00845F66 /* Validation.swift */; };
		6A4C47F727C4CE0C00845F66 /* ForgotPasswordRouter.swift in Sources */ = {isa = PBXBuildFile; fileRef = 6A4C47F427C4CE0C00845F66 /* ForgotPasswordRouter.swift */; };
		6A4C47F827C4CE0C00845F66 /* ForgotPasswordViewController.swift in Sources */ = {isa = PBXBuildFile; fileRef = 6A4C47F527C4CE0C00845F66 /* ForgotPasswordViewController.swift */; };
		6A4C47F927C4CE0C00845F66 /* ForgotPasswordViewModel.swift in Sources */ = {isa = PBXBuildFile; fileRef = 6A4C47F627C4CE0C00845F66 /* ForgotPasswordViewModel.swift */; };
		6A4C47FB27C4CE7300845F66 /* ForgotPasswordRoute.swift in Sources */ = {isa = PBXBuildFile; fileRef = 6A4C47FA27C4CE7300845F66 /* ForgotPasswordRoute.swift */; };
		6A4C480A27C4FC8200845F66 /* ForgotPasswordConfirmRouter.swift in Sources */ = {isa = PBXBuildFile; fileRef = 6A4C480727C4FC8200845F66 /* ForgotPasswordConfirmRouter.swift */; };
		6A4C480B27C4FC8200845F66 /* ForgotPasswordConfirmViewController.swift in Sources */ = {isa = PBXBuildFile; fileRef = 6A4C480827C4FC8200845F66 /* ForgotPasswordConfirmViewController.swift */; };
		6A4C480C27C4FC8200845F66 /* ForgotPasswordConfirmViewModel.swift in Sources */ = {isa = PBXBuildFile; fileRef = 6A4C480927C4FC8200845F66 /* ForgotPasswordConfirmViewModel.swift */; };
		6A4C480E27C4FCD400845F66 /* ForgotPasswordConfirmRoute.swift in Sources */ = {isa = PBXBuildFile; fileRef = 6A4C480D27C4FCD400845F66 /* ForgotPasswordConfirmRoute.swift */; };
		6A60AB8A27C3703A00889B83 /* AppDelegate+IQKeyboardManager.swift in Sources */ = {isa = PBXBuildFile; fileRef = 6A60AB8927C3703A00889B83 /* AppDelegate+IQKeyboardManager.swift */; };
		6A65BA5827C6246200886636 /* NotesListRouter.swift in Sources */ = {isa = PBXBuildFile; fileRef = 6A65BA5527C6246200886636 /* NotesListRouter.swift */; };
		6A65BA5927C6246200886636 /* NotesListViewController.swift in Sources */ = {isa = PBXBuildFile; fileRef = 6A65BA5627C6246200886636 /* NotesListViewController.swift */; };
		6A65BA5A27C6246200886636 /* NotesListViewModel.swift in Sources */ = {isa = PBXBuildFile; fileRef = 6A65BA5727C6246200886636 /* NotesListViewModel.swift */; };
		6A65BA5C27C6248600886636 /* NotesListRoute.swift in Sources */ = {isa = PBXBuildFile; fileRef = 6A65BA5B27C6248600886636 /* NotesListRoute.swift */; };
		6A8606C827BD4CFD00A352BD /* MainNavigationController.swift in Sources */ = {isa = PBXBuildFile; fileRef = 6A8606C727BD4CFD00A352BD /* MainNavigationController.swift */; };
		6AB6C3CC27BA8D2000286238 /* ApiLogger.swift in Sources */ = {isa = PBXBuildFile; fileRef = 6AB6C3CB27BA8D2000286238 /* ApiLogger.swift */; };
		6AB6C3CE27BA8D4400286238 /* ApiRequestInterceptor.swift in Sources */ = {isa = PBXBuildFile; fileRef = 6AB6C3CD27BA8D4400286238 /* ApiRequestInterceptor.swift */; };
		6AB6C3D027BA8D9E00286238 /* DataProvider.swift in Sources */ = {isa = PBXBuildFile; fileRef = 6AB6C3CF27BA8D9E00286238 /* DataProvider.swift */; };
		6ABF3E5527B3FED50014D355 /* AppDelegate.swift in Sources */ = {isa = PBXBuildFile; fileRef = 6ABF3E5427B3FED50014D355 /* AppDelegate.swift */; };
		6ABF3E5E27B3FED80014D355 /* Assets.xcassets in Resources */ = {isa = PBXBuildFile; fileRef = 6ABF3E5D27B3FED80014D355 /* Assets.xcassets */; };
		6ABF3E6C27B3FED90014D355 /* NoteBerkayMvvmTests.swift in Sources */ = {isa = PBXBuildFile; fileRef = 6ABF3E6B27B3FED90014D355 /* NoteBerkayMvvmTests.swift */; };
		6ABF3E7727B3FED90014D355 /* NoteBerkayMvvmUITests.swift in Sources */ = {isa = PBXBuildFile; fileRef = 6ABF3E7627B3FED90014D355 /* NoteBerkayMvvmUITests.swift */; };
		6AD00BC127C78217008F9190 /* AddNoteRouter.swift in Sources */ = {isa = PBXBuildFile; fileRef = 6AD00BBE27C78217008F9190 /* AddNoteRouter.swift */; };
		6AD00BC227C78217008F9190 /* AddNoteViewController.swift in Sources */ = {isa = PBXBuildFile; fileRef = 6AD00BBF27C78217008F9190 /* AddNoteViewController.swift */; };
		6AD00BC327C78217008F9190 /* AddNoteViewModel.swift in Sources */ = {isa = PBXBuildFile; fileRef = 6AD00BC027C78217008F9190 /* AddNoteViewModel.swift */; };
		6AD00BC527C7822A008F9190 /* AddNoteRoute.swift in Sources */ = {isa = PBXBuildFile; fileRef = 6AD00BC427C7822A008F9190 /* AddNoteRoute.swift */; };
		6AD00BDA27C7F29C008F9190 /* Notification+Extension.swift in Sources */ = {isa = PBXBuildFile; fileRef = 6AD00BD927C7F29C008F9190 /* Notification+Extension.swift */; };
		6AD00BDD27C7F747008F9190 /* DetailVCShowType.swift in Sources */ = {isa = PBXBuildFile; fileRef = 6AD00BDC27C7F747008F9190 /* DetailVCShowType.swift */; };
		6AF09C0127BF83F400EFF17E /* RegisterRouter.swift in Sources */ = {isa = PBXBuildFile; fileRef = 6AF09BFE27BF83F400EFF17E /* RegisterRouter.swift */; };
		6AF09C0227BF83F400EFF17E /* RegisterViewController.swift in Sources */ = {isa = PBXBuildFile; fileRef = 6AF09BFF27BF83F400EFF17E /* RegisterViewController.swift */; };
		6AF09C0327BF83F400EFF17E /* RegisterViewModel.swift in Sources */ = {isa = PBXBuildFile; fileRef = 6AF09C0027BF83F400EFF17E /* RegisterViewModel.swift */; };
		6AF09C0527BF840E00EFF17E /* RegisterRoute.swift in Sources */ = {isa = PBXBuildFile; fileRef = 6AF09C0427BF840E00EFF17E /* RegisterRoute.swift */; };
		A1C03950FBCEA7CA5689BAA1 /* Pods_NoteBerkayMvvmTests.framework in Frameworks */ = {isa = PBXBuildFile; fileRef = 5F273B7F994D55F756B56291 /* Pods_NoteBerkayMvvmTests.framework */; };
		EAD1D2A5EB6E5CDC54EB9FF7 /* Pods_NoteBerkayMvvm.framework in Frameworks */ = {isa = PBXBuildFile; fileRef = DDA0D8178EFDE9A84C9B1142 /* Pods_NoteBerkayMvvm.framework */; };
		FED9163F194F5AC3529DBF78 /* Pods_NoteBerkayMvvm_NoteBerkayMvvmUITests.framework in Frameworks */ = {isa = PBXBuildFile; fileRef = A1683BA3DB1B7F397C66EB53 /* Pods_NoteBerkayMvvm_NoteBerkayMvvmUITests.framework */; };
/* End PBXBuildFile section */

/* Begin PBXContainerItemProxy section */
		6ABF3E6827B3FED90014D355 /* PBXContainerItemProxy */ = {
			isa = PBXContainerItemProxy;
			containerPortal = 6ABF3E4927B3FED50014D355 /* Project object */;
			proxyType = 1;
			remoteGlobalIDString = 6ABF3E5027B3FED50014D355;
			remoteInfo = NoteBerkayMvvm;
		};
		6ABF3E7327B3FED90014D355 /* PBXContainerItemProxy */ = {
			isa = PBXContainerItemProxy;
			containerPortal = 6ABF3E4927B3FED50014D355 /* Project object */;
			proxyType = 1;
			remoteGlobalIDString = 6ABF3E5027B3FED50014D355;
			remoteInfo = NoteBerkayMvvm;
		};
/* End PBXContainerItemProxy section */

/* Begin PBXCopyFilesBuildPhase section */
		6A23F8EF27B501AB0082079E /* Embed Frameworks */ = {
			isa = PBXCopyFilesBuildPhase;
			buildActionMask = 2147483647;
			dstPath = "";
			dstSubfolderSpec = 10;
			files = (
				6A23F8F227B501AF0082079E /* UIComponents.framework in Embed Frameworks */,
				6A23F8F527B501CA0082079E /* Utilities.framework in Embed Frameworks */,
				6A23F8EE27B501AB0082079E /* DataProvider.framework in Embed Frameworks */,
			);
			name = "Embed Frameworks";
			runOnlyForDeploymentPostprocessing = 0;
		};
/* End PBXCopyFilesBuildPhase section */

/* Begin PBXFileReference section */
		40B22DD38680BF9BD0E9822E /* Pods-NoteBerkayMvvm.debug.xcconfig */ = {isa = PBXFileReference; includeInIndex = 1; lastKnownFileType = text.xcconfig; name = "Pods-NoteBerkayMvvm.debug.xcconfig"; path = "Target Support Files/Pods-NoteBerkayMvvm/Pods-NoteBerkayMvvm.debug.xcconfig"; sourceTree = "<group>"; };
		5E33A7A2B6EA93BD6C3514F8 /* Pods-NoteBerkayMvvm-NoteBerkayMvvmUITests.release.xcconfig */ = {isa = PBXFileReference; includeInIndex = 1; lastKnownFileType = text.xcconfig; name = "Pods-NoteBerkayMvvm-NoteBerkayMvvmUITests.release.xcconfig"; path = "Target Support Files/Pods-NoteBerkayMvvm-NoteBerkayMvvmUITests/Pods-NoteBerkayMvvm-NoteBerkayMvvmUITests.release.xcconfig"; sourceTree = "<group>"; };
		5F273B7F994D55F756B56291 /* Pods_NoteBerkayMvvmTests.framework */ = {isa = PBXFileReference; explicitFileType = wrapper.framework; includeInIndex = 0; path = Pods_NoteBerkayMvvmTests.framework; sourceTree = BUILT_PRODUCTS_DIR; };
		6A23F85127B4FF5D0082079E /* LaunchScreen.storyboard */ = {isa = PBXFileReference; fileEncoding = 4; lastKnownFileType = file.storyboard; path = LaunchScreen.storyboard; sourceTree = "<group>"; };
		6A23F8EC27B501AB0082079E /* DataProvider.framework */ = {isa = PBXFileReference; explicitFileType = wrapper.framework; path = DataProvider.framework; sourceTree = BUILT_PRODUCTS_DIR; };
		6A23F8F027B501AF0082079E /* UIComponents.framework */ = {isa = PBXFileReference; explicitFileType = wrapper.framework; path = UIComponents.framework; sourceTree = BUILT_PRODUCTS_DIR; };
		6A23F8F327B501CA0082079E /* Utilities.framework */ = {isa = PBXFileReference; explicitFileType = wrapper.framework; path = Utilities.framework; sourceTree = BUILT_PRODUCTS_DIR; };
		6A23F8F627B502020082079E /* NoteBerkayMvvm-Bridging-Header.h */ = {isa = PBXFileReference; lastKnownFileType = sourcecode.c.h; path = "NoteBerkayMvvm-Bridging-Header.h"; sourceTree = "<group>"; };
		6A23F8FD27B52FC30082079E /* Animator.swift */ = {isa = PBXFileReference; lastKnownFileType = sourcecode.swift; path = Animator.swift; sourceTree = "<group>"; };
		6A23F8FF27B530030082079E /* Router.swift */ = {isa = PBXFileReference; lastKnownFileType = sourcecode.swift; path = Router.swift; sourceTree = "<group>"; };
		6A23F90327B532990082079E /* PushTransition.swift */ = {isa = PBXFileReference; fileEncoding = 4; lastKnownFileType = sourcecode.swift; path = PushTransition.swift; sourceTree = "<group>"; };
		6A23F90527B532A40082079E /* ModalTransition.swift */ = {isa = PBXFileReference; fileEncoding = 4; lastKnownFileType = sourcecode.swift; path = ModalTransition.swift; sourceTree = "<group>"; };
		6A23F90927B532B00082079E /* Transition.swift */ = {isa = PBXFileReference; fileEncoding = 4; lastKnownFileType = sourcecode.swift; path = Transition.swift; sourceTree = "<group>"; };
		6A23F90D27B535540082079E /* BaseViewController.swift */ = {isa = PBXFileReference; fileEncoding = 4; lastKnownFileType = sourcecode.swift; path = BaseViewController.swift; sourceTree = "<group>"; };
		6A23F90E27B535540082079E /* BaseViewModel.swift */ = {isa = PBXFileReference; fileEncoding = 4; lastKnownFileType = sourcecode.swift; path = BaseViewModel.swift; sourceTree = "<group>"; };
		6A23F90F27B535540082079E /* BaseRouter.swift */ = {isa = PBXFileReference; fileEncoding = 4; lastKnownFileType = sourcecode.swift; path = BaseRouter.swift; sourceTree = "<group>"; };
		6A23F91627B5403A0082079E /* PlaceOnWindowTransition.swift */ = {isa = PBXFileReference; fileEncoding = 4; lastKnownFileType = sourcecode.swift; path = PlaceOnWindowTransition.swift; sourceTree = "<group>"; };
		6A23F91A27B540E20082079E /* LoginRouter.swift */ = {isa = PBXFileReference; lastKnownFileType = sourcecode.swift; path = LoginRouter.swift; sourceTree = "<group>"; };
		6A23F91B27B540E20082079E /* LoginViewController.swift */ = {isa = PBXFileReference; lastKnownFileType = sourcecode.swift; path = LoginViewController.swift; sourceTree = "<group>"; };
		6A23F91C27B540E20082079E /* LoginViewModel.swift */ = {isa = PBXFileReference; lastKnownFileType = sourcecode.swift; path = LoginViewModel.swift; sourceTree = "<group>"; };
		6A23F92027B540F70082079E /* LoginRoute.swift */ = {isa = PBXFileReference; lastKnownFileType = sourcecode.swift; path = LoginRoute.swift; sourceTree = "<group>"; };
		6A23F92227B5454C0082079E /* AppRouter.swift */ = {isa = PBXFileReference; lastKnownFileType = sourcecode.swift; path = AppRouter.swift; sourceTree = "<group>"; };
		6A4C47F127C3D7DB00845F66 /* Validation.swift */ = {isa = PBXFileReference; lastKnownFileType = sourcecode.swift; path = Validation.swift; sourceTree = "<group>"; };
		6A4C47F427C4CE0C00845F66 /* ForgotPasswordRouter.swift */ = {isa = PBXFileReference; lastKnownFileType = sourcecode.swift; path = ForgotPasswordRouter.swift; sourceTree = "<group>"; };
		6A4C47F527C4CE0C00845F66 /* ForgotPasswordViewController.swift */ = {isa = PBXFileReference; lastKnownFileType = sourcecode.swift; path = ForgotPasswordViewController.swift; sourceTree = "<group>"; };
		6A4C47F627C4CE0C00845F66 /* ForgotPasswordViewModel.swift */ = {isa = PBXFileReference; lastKnownFileType = sourcecode.swift; path = ForgotPasswordViewModel.swift; sourceTree = "<group>"; };
		6A4C47FA27C4CE7300845F66 /* ForgotPasswordRoute.swift */ = {isa = PBXFileReference; lastKnownFileType = sourcecode.swift; path = ForgotPasswordRoute.swift; sourceTree = "<group>"; };
		6A4C480727C4FC8200845F66 /* ForgotPasswordConfirmRouter.swift */ = {isa = PBXFileReference; lastKnownFileType = sourcecode.swift; path = ForgotPasswordConfirmRouter.swift; sourceTree = "<group>"; };
		6A4C480827C4FC8200845F66 /* ForgotPasswordConfirmViewController.swift */ = {isa = PBXFileReference; lastKnownFileType = sourcecode.swift; path = ForgotPasswordConfirmViewController.swift; sourceTree = "<group>"; };
		6A4C480927C4FC8200845F66 /* ForgotPasswordConfirmViewModel.swift */ = {isa = PBXFileReference; lastKnownFileType = sourcecode.swift; path = ForgotPasswordConfirmViewModel.swift; sourceTree = "<group>"; };
		6A4C480D27C4FCD400845F66 /* ForgotPasswordConfirmRoute.swift */ = {isa = PBXFileReference; lastKnownFileType = sourcecode.swift; path = ForgotPasswordConfirmRoute.swift; sourceTree = "<group>"; };
		6A60AB8927C3703A00889B83 /* AppDelegate+IQKeyboardManager.swift */ = {isa = PBXFileReference; lastKnownFileType = sourcecode.swift; path = "AppDelegate+IQKeyboardManager.swift"; sourceTree = "<group>"; };
		6A65BA5527C6246200886636 /* NotesListRouter.swift */ = {isa = PBXFileReference; lastKnownFileType = sourcecode.swift; path = NotesListRouter.swift; sourceTree = "<group>"; };
		6A65BA5627C6246200886636 /* NotesListViewController.swift */ = {isa = PBXFileReference; lastKnownFileType = sourcecode.swift; path = NotesListViewController.swift; sourceTree = "<group>"; };
		6A65BA5727C6246200886636 /* NotesListViewModel.swift */ = {isa = PBXFileReference; lastKnownFileType = sourcecode.swift; path = NotesListViewModel.swift; sourceTree = "<group>"; };
		6A65BA5B27C6248600886636 /* NotesListRoute.swift */ = {isa = PBXFileReference; lastKnownFileType = sourcecode.swift; path = NotesListRoute.swift; sourceTree = "<group>"; };
		6A8606C727BD4CFD00A352BD /* MainNavigationController.swift */ = {isa = PBXFileReference; lastKnownFileType = sourcecode.swift; path = MainNavigationController.swift; sourceTree = "<group>"; };
		6AB6C3CB27BA8D2000286238 /* ApiLogger.swift */ = {isa = PBXFileReference; lastKnownFileType = sourcecode.swift; path = ApiLogger.swift; sourceTree = "<group>"; };
		6AB6C3CD27BA8D4400286238 /* ApiRequestInterceptor.swift */ = {isa = PBXFileReference; lastKnownFileType = sourcecode.swift; path = ApiRequestInterceptor.swift; sourceTree = "<group>"; };
		6AB6C3CF27BA8D9E00286238 /* DataProvider.swift */ = {isa = PBXFileReference; lastKnownFileType = sourcecode.swift; path = DataProvider.swift; sourceTree = "<group>"; };
		6ABF3E5127B3FED50014D355 /* NoteBerkayMvvm.app */ = {isa = PBXFileReference; explicitFileType = wrapper.application; includeInIndex = 0; path = NoteBerkayMvvm.app; sourceTree = BUILT_PRODUCTS_DIR; };
		6ABF3E5427B3FED50014D355 /* AppDelegate.swift */ = {isa = PBXFileReference; lastKnownFileType = sourcecode.swift; path = AppDelegate.swift; sourceTree = "<group>"; };
		6ABF3E5D27B3FED80014D355 /* Assets.xcassets */ = {isa = PBXFileReference; lastKnownFileType = folder.assetcatalog; path = Assets.xcassets; sourceTree = "<group>"; };
		6ABF3E6227B3FED80014D355 /* Info.plist */ = {isa = PBXFileReference; lastKnownFileType = text.plist.xml; path = Info.plist; sourceTree = "<group>"; };
		6ABF3E6727B3FED80014D355 /* NoteBerkayMvvmTests.xctest */ = {isa = PBXFileReference; explicitFileType = wrapper.cfbundle; includeInIndex = 0; path = NoteBerkayMvvmTests.xctest; sourceTree = BUILT_PRODUCTS_DIR; };
		6ABF3E6B27B3FED90014D355 /* NoteBerkayMvvmTests.swift */ = {isa = PBXFileReference; lastKnownFileType = sourcecode.swift; path = NoteBerkayMvvmTests.swift; sourceTree = "<group>"; };
		6ABF3E6D27B3FED90014D355 /* Info.plist */ = {isa = PBXFileReference; lastKnownFileType = text.plist.xml; path = Info.plist; sourceTree = "<group>"; };
		6ABF3E7227B3FED90014D355 /* NoteBerkayMvvmUITests.xctest */ = {isa = PBXFileReference; explicitFileType = wrapper.cfbundle; includeInIndex = 0; path = NoteBerkayMvvmUITests.xctest; sourceTree = BUILT_PRODUCTS_DIR; };
		6ABF3E7627B3FED90014D355 /* NoteBerkayMvvmUITests.swift */ = {isa = PBXFileReference; lastKnownFileType = sourcecode.swift; path = NoteBerkayMvvmUITests.swift; sourceTree = "<group>"; };
		6ABF3E7827B3FED90014D355 /* Info.plist */ = {isa = PBXFileReference; lastKnownFileType = text.plist.xml; path = Info.plist; sourceTree = "<group>"; };
		6ABF3E9C27B40ECC0014D355 /* UIComponents.framework */ = {isa = PBXFileReference; explicitFileType = wrapper.framework; path = UIComponents.framework; sourceTree = BUILT_PRODUCTS_DIR; };
		6AD00BBE27C78217008F9190 /* AddNoteRouter.swift */ = {isa = PBXFileReference; lastKnownFileType = sourcecode.swift; path = AddNoteRouter.swift; sourceTree = "<group>"; };
		6AD00BBF27C78217008F9190 /* AddNoteViewController.swift */ = {isa = PBXFileReference; lastKnownFileType = sourcecode.swift; path = AddNoteViewController.swift; sourceTree = "<group>"; };
		6AD00BC027C78217008F9190 /* AddNoteViewModel.swift */ = {isa = PBXFileReference; lastKnownFileType = sourcecode.swift; path = AddNoteViewModel.swift; sourceTree = "<group>"; };
		6AD00BC427C7822A008F9190 /* AddNoteRoute.swift */ = {isa = PBXFileReference; lastKnownFileType = sourcecode.swift; path = AddNoteRoute.swift; sourceTree = "<group>"; };
		6AD00BD927C7F29C008F9190 /* Notification+Extension.swift */ = {isa = PBXFileReference; lastKnownFileType = sourcecode.swift; path = "Notification+Extension.swift"; sourceTree = "<group>"; };
		6AD00BDC27C7F747008F9190 /* DetailVCShowType.swift */ = {isa = PBXFileReference; lastKnownFileType = sourcecode.swift; path = DetailVCShowType.swift; sourceTree = "<group>"; };
		6AF09BFE27BF83F400EFF17E /* RegisterRouter.swift */ = {isa = PBXFileReference; lastKnownFileType = sourcecode.swift; path = RegisterRouter.swift; sourceTree = "<group>"; };
		6AF09BFF27BF83F400EFF17E /* RegisterViewController.swift */ = {isa = PBXFileReference; lastKnownFileType = sourcecode.swift; path = RegisterViewController.swift; sourceTree = "<group>"; };
		6AF09C0027BF83F400EFF17E /* RegisterViewModel.swift */ = {isa = PBXFileReference; lastKnownFileType = sourcecode.swift; path = RegisterViewModel.swift; sourceTree = "<group>"; };
		6AF09C0427BF840E00EFF17E /* RegisterRoute.swift */ = {isa = PBXFileReference; lastKnownFileType = sourcecode.swift; path = RegisterRoute.swift; sourceTree = "<group>"; };
		8DDAC545CD9EFD47199BD1EC /* Pods-NoteBerkayMvvm.release.xcconfig */ = {isa = PBXFileReference; includeInIndex = 1; lastKnownFileType = text.xcconfig; name = "Pods-NoteBerkayMvvm.release.xcconfig"; path = "Target Support Files/Pods-NoteBerkayMvvm/Pods-NoteBerkayMvvm.release.xcconfig"; sourceTree = "<group>"; };
		92E3C1C2FA426F7A569082C2 /* Pods-NoteBerkayMvvm-NoteBerkayMvvmUITests.debug.xcconfig */ = {isa = PBXFileReference; includeInIndex = 1; lastKnownFileType = text.xcconfig; name = "Pods-NoteBerkayMvvm-NoteBerkayMvvmUITests.debug.xcconfig"; path = "Target Support Files/Pods-NoteBerkayMvvm-NoteBerkayMvvmUITests/Pods-NoteBerkayMvvm-NoteBerkayMvvmUITests.debug.xcconfig"; sourceTree = "<group>"; };
		A1683BA3DB1B7F397C66EB53 /* Pods_NoteBerkayMvvm_NoteBerkayMvvmUITests.framework */ = {isa = PBXFileReference; explicitFileType = wrapper.framework; includeInIndex = 0; path = Pods_NoteBerkayMvvm_NoteBerkayMvvmUITests.framework; sourceTree = BUILT_PRODUCTS_DIR; };
		B8D75F222873CD9687BCF0EC /* Pods-NoteBerkayMvvmTests.release.xcconfig */ = {isa = PBXFileReference; includeInIndex = 1; lastKnownFileType = text.xcconfig; name = "Pods-NoteBerkayMvvmTests.release.xcconfig"; path = "Target Support Files/Pods-NoteBerkayMvvmTests/Pods-NoteBerkayMvvmTests.release.xcconfig"; sourceTree = "<group>"; };
		C6302BCF968DE29E93FC3BAA /* Pods-NoteBerkayMvvmTests.debug.xcconfig */ = {isa = PBXFileReference; includeInIndex = 1; lastKnownFileType = text.xcconfig; name = "Pods-NoteBerkayMvvmTests.debug.xcconfig"; path = "Target Support Files/Pods-NoteBerkayMvvmTests/Pods-NoteBerkayMvvmTests.debug.xcconfig"; sourceTree = "<group>"; };
		DDA0D8178EFDE9A84C9B1142 /* Pods_NoteBerkayMvvm.framework */ = {isa = PBXFileReference; explicitFileType = wrapper.framework; includeInIndex = 0; path = Pods_NoteBerkayMvvm.framework; sourceTree = BUILT_PRODUCTS_DIR; };
/* End PBXFileReference section */

/* Begin PBXFrameworksBuildPhase section */
		6ABF3E4E27B3FED50014D355 /* Frameworks */ = {
			isa = PBXFrameworksBuildPhase;
			buildActionMask = 2147483647;
			files = (
				EAD1D2A5EB6E5CDC54EB9FF7 /* Pods_NoteBerkayMvvm.framework in Frameworks */,
				6A23F8F127B501AF0082079E /* UIComponents.framework in Frameworks */,
				6A23F8ED27B501AB0082079E /* DataProvider.framework in Frameworks */,
				6A23F8F427B501CA0082079E /* Utilities.framework in Frameworks */,
			);
			runOnlyForDeploymentPostprocessing = 0;
		};
		6ABF3E6427B3FED80014D355 /* Frameworks */ = {
			isa = PBXFrameworksBuildPhase;
			buildActionMask = 2147483647;
			files = (
				A1C03950FBCEA7CA5689BAA1 /* Pods_NoteBerkayMvvmTests.framework in Frameworks */,
			);
			runOnlyForDeploymentPostprocessing = 0;
		};
		6ABF3E6F27B3FED90014D355 /* Frameworks */ = {
			isa = PBXFrameworksBuildPhase;
			buildActionMask = 2147483647;
			files = (
				FED9163F194F5AC3529DBF78 /* Pods_NoteBerkayMvvm_NoteBerkayMvvmUITests.framework in Frameworks */,
			);
			runOnlyForDeploymentPostprocessing = 0;
		};
/* End PBXFrameworksBuildPhase section */

/* Begin PBXGroup section */
		4C668C5A5B1A83AD56768A7B /* Pods */ = {
			isa = PBXGroup;
			children = (
				40B22DD38680BF9BD0E9822E /* Pods-NoteBerkayMvvm.debug.xcconfig */,
				8DDAC545CD9EFD47199BD1EC /* Pods-NoteBerkayMvvm.release.xcconfig */,
				92E3C1C2FA426F7A569082C2 /* Pods-NoteBerkayMvvm-NoteBerkayMvvmUITests.debug.xcconfig */,
				5E33A7A2B6EA93BD6C3514F8 /* Pods-NoteBerkayMvvm-NoteBerkayMvvmUITests.release.xcconfig */,
				C6302BCF968DE29E93FC3BAA /* Pods-NoteBerkayMvvmTests.debug.xcconfig */,
				B8D75F222873CD9687BCF0EC /* Pods-NoteBerkayMvvmTests.release.xcconfig */,
			);
			path = Pods;
			sourceTree = "<group>";
		};
		6A23F8F827B525BE0082079E /* AppDelegate */ = {
			isa = PBXGroup;
			children = (
				6ABF3E5427B3FED50014D355 /* AppDelegate.swift */,
				6A60AB8927C3703A00889B83 /* AppDelegate+IQKeyboardManager.swift */,
			);
			path = AppDelegate;
			sourceTree = "<group>";
		};
		6A23F8F927B52EB10082079E /* Configurations */ = {
			isa = PBXGroup;
			children = (
				6A23F90127B531DE0082079E /* Release */,
				6A23F8FA27B52ED70082079E /* BridgingHeader */,
			);
			path = Configurations;
			sourceTree = "<group>";
		};
		6A23F8FA27B52ED70082079E /* BridgingHeader */ = {
			isa = PBXGroup;
			children = (
				6A23F8F627B502020082079E /* NoteBerkayMvvm-Bridging-Header.h */,
			);
			path = BridgingHeader;
			sourceTree = "<group>";
		};
		6A23F8FB27B52F170082079E /* Routing */ = {
			isa = PBXGroup;
			children = (
				6A23F91327B53DB80082079E /* Routers */,
				6A23F90227B532760082079E /* Transitions */,
				6A23F8FC27B52F2A0082079E /* Core */,
			);
			path = Routing;
			sourceTree = "<group>";
		};
		6A23F8FC27B52F2A0082079E /* Core */ = {
			isa = PBXGroup;
			children = (
				6A23F8FD27B52FC30082079E /* Animator.swift */,
				6A23F8FF27B530030082079E /* Router.swift */,
			);
			path = Core;
			sourceTree = "<group>";
		};
		6A23F90127B531DE0082079E /* Release */ = {
			isa = PBXGroup;
			children = (
				6ABF3E6227B3FED80014D355 /* Info.plist */,
			);
			path = Release;
			sourceTree = "<group>";
		};
		6A23F90227B532760082079E /* Transitions */ = {
			isa = PBXGroup;
			children = (
				6A23F90327B532990082079E /* PushTransition.swift */,
				6A23F90527B532A40082079E /* ModalTransition.swift */,
				6A23F90927B532B00082079E /* Transition.swift */,
				6A23F91627B5403A0082079E /* PlaceOnWindowTransition.swift */,
			);
			path = Transitions;
			sourceTree = "<group>";
		};
		6A23F90B27B533B90082079E /* Scenes */ = {
			isa = PBXGroup;
			children = (
				6A65BA5327C6244400886636 /* Notes */,
				6A23F91827B540BB0082079E /* Auth */,
				6A23F90C27B533C70082079E /* Base */,
			);
			path = Scenes;
			sourceTree = "<group>";
		};
		6A23F90C27B533C70082079E /* Base */ = {
			isa = PBXGroup;
			children = (
				6A23F90F27B535540082079E /* BaseRouter.swift */,
				6A23F90D27B535540082079E /* BaseViewController.swift */,
				6A23F90E27B535540082079E /* BaseViewModel.swift */,
				6A8606C727BD4CFD00A352BD /* MainNavigationController.swift */,
			);
			path = Base;
			sourceTree = "<group>";
		};
		6A23F91327B53DB80082079E /* Routers */ = {
			isa = PBXGroup;
			children = (
				6A23F92227B5454C0082079E /* AppRouter.swift */,
			);
			path = Routers;
			sourceTree = "<group>";
		};
		6A23F91827B540BB0082079E /* Auth */ = {
			isa = PBXGroup;
			children = (
				6A4C480627C4FC5500845F66 /* ForgotPasswordConfirm */,
				6A4C47F327C4CDD700845F66 /* ForgotPassword */,
				6AF09BFD27BF83DE00EFF17E /* Register */,
				6A23F91927B540C20082079E /* Login */,
			);
			path = Auth;
			sourceTree = "<group>";
		};
		6A23F91927B540C20082079E /* Login */ = {
			isa = PBXGroup;
			children = (
				6A23F91A27B540E20082079E /* LoginRouter.swift */,
				6A23F91B27B540E20082079E /* LoginViewController.swift */,
				6A23F91C27B540E20082079E /* LoginViewModel.swift */,
				6A23F92027B540F70082079E /* LoginRoute.swift */,
			);
			path = Login;
			sourceTree = "<group>";
		};
		6A4C47F027C3D7CC00845F66 /* Validation */ = {
			isa = PBXGroup;
			children = (
				6A4C47F127C3D7DB00845F66 /* Validation.swift */,
			);
			path = Validation;
			sourceTree = "<group>";
		};
		6A4C47F327C4CDD700845F66 /* ForgotPassword */ = {
			isa = PBXGroup;
			children = (
				6A4C47F427C4CE0C00845F66 /* ForgotPasswordRouter.swift */,
				6A4C47F527C4CE0C00845F66 /* ForgotPasswordViewController.swift */,
				6A4C47F627C4CE0C00845F66 /* ForgotPasswordViewModel.swift */,
				6A4C47FA27C4CE7300845F66 /* ForgotPasswordRoute.swift */,
			);
			path = ForgotPassword;
			sourceTree = "<group>";
		};
		6A4C480627C4FC5500845F66 /* ForgotPasswordConfirm */ = {
			isa = PBXGroup;
			children = (
				6A4C480727C4FC8200845F66 /* ForgotPasswordConfirmRouter.swift */,
				6A4C480827C4FC8200845F66 /* ForgotPasswordConfirmViewController.swift */,
				6A4C480927C4FC8200845F66 /* ForgotPasswordConfirmViewModel.swift */,
				6A4C480D27C4FCD400845F66 /* ForgotPasswordConfirmRoute.swift */,
			);
			path = ForgotPasswordConfirm;
			sourceTree = "<group>";
		};
		6A65BA5327C6244400886636 /* Notes */ = {
			isa = PBXGroup;
			children = (
				6AD00BBD27C78160008F9190 /* AddNote */,
				6A65BA5427C6244D00886636 /* NotesList */,
			);
			path = Notes;
			sourceTree = "<group>";
		};
		6A65BA5427C6244D00886636 /* NotesList */ = {
			isa = PBXGroup;
			children = (
				6A65BA5527C6246200886636 /* NotesListRouter.swift */,
				6A65BA5627C6246200886636 /* NotesListViewController.swift */,
				6A65BA5727C6246200886636 /* NotesListViewModel.swift */,
				6A65BA5B27C6248600886636 /* NotesListRoute.swift */,
			);
			path = NotesList;
			sourceTree = "<group>";
		};
		6AB6C3CA27BA8CF300286238 /* DataProvider */ = {
			isa = PBXGroup;
			children = (
				6AB6C3CB27BA8D2000286238 /* ApiLogger.swift */,
				6AB6C3CD27BA8D4400286238 /* ApiRequestInterceptor.swift */,
				6AB6C3CF27BA8D9E00286238 /* DataProvider.swift */,
			);
			path = DataProvider;
			sourceTree = "<group>";
		};
		6ABF3E4827B3FED50014D355 = {
			isa = PBXGroup;
			children = (
				6ABF3E5327B3FED50014D355 /* NoteBerkayMvvm */,
				6ABF3E6A27B3FED90014D355 /* NoteBerkayMvvmTests */,
				6ABF3E7527B3FED90014D355 /* NoteBerkayMvvmUITests */,
				6ABF3E5227B3FED50014D355 /* Products */,
				4C668C5A5B1A83AD56768A7B /* Pods */,
				D97D737DA24568F212E9C739 /* Frameworks */,
			);
			sourceTree = "<group>";
		};
		6ABF3E5227B3FED50014D355 /* Products */ = {
			isa = PBXGroup;
			children = (
				6ABF3E5127B3FED50014D355 /* NoteBerkayMvvm.app */,
				6ABF3E6727B3FED80014D355 /* NoteBerkayMvvmTests.xctest */,
				6ABF3E7227B3FED90014D355 /* NoteBerkayMvvmUITests.xctest */,
			);
			name = Products;
			sourceTree = "<group>";
		};
		6ABF3E5327B3FED50014D355 /* NoteBerkayMvvm */ = {
			isa = PBXGroup;
			children = (
				6AB6C3CA27BA8CF300286238 /* DataProvider */,
				6A23F8F827B525BE0082079E /* AppDelegate */,
				6A23F8F927B52EB10082079E /* Configurations */,
				6AD00BDB27C7F700008F9190 /* Entity */,
				6AD00BD827C7F284008F9190 /* Extension */,
				6A4C47F027C3D7CC00845F66 /* Validation */,
				6A23F8FB27B52F170082079E /* Routing */,
				6A23F90B27B533B90082079E /* Scenes */,
				6ABF3E5D27B3FED80014D355 /* Assets.xcassets */,
				6A23F85127B4FF5D0082079E /* LaunchScreen.storyboard */,
			);
			path = NoteBerkayMvvm;
			sourceTree = "<group>";
		};
		6ABF3E6A27B3FED90014D355 /* NoteBerkayMvvmTests */ = {
			isa = PBXGroup;
			children = (
				6ABF3E6B27B3FED90014D355 /* NoteBerkayMvvmTests.swift */,
				6ABF3E6D27B3FED90014D355 /* Info.plist */,
			);
			path = NoteBerkayMvvmTests;
			sourceTree = "<group>";
		};
		6ABF3E7527B3FED90014D355 /* NoteBerkayMvvmUITests */ = {
			isa = PBXGroup;
			children = (
				6ABF3E7627B3FED90014D355 /* NoteBerkayMvvmUITests.swift */,
				6ABF3E7827B3FED90014D355 /* Info.plist */,
			);
			path = NoteBerkayMvvmUITests;
			sourceTree = "<group>";
		};
		6AD00BBD27C78160008F9190 /* AddNote */ = {
			isa = PBXGroup;
			children = (
				6AD00BBE27C78217008F9190 /* AddNoteRouter.swift */,
				6AD00BBF27C78217008F9190 /* AddNoteViewController.swift */,
				6AD00BC027C78217008F9190 /* AddNoteViewModel.swift */,
				6AD00BC427C7822A008F9190 /* AddNoteRoute.swift */,
			);
			path = AddNote;
			sourceTree = "<group>";
		};
		6AD00BD827C7F284008F9190 /* Extension */ = {
			isa = PBXGroup;
			children = (
				6AD00BD927C7F29C008F9190 /* Notification+Extension.swift */,
			);
			path = Extension;
			sourceTree = "<group>";
		};
		6AD00BDB27C7F700008F9190 /* Entity */ = {
			isa = PBXGroup;
			children = (
				6AD00BDC27C7F747008F9190 /* DetailVCShowType.swift */,
			);
			path = Entity;
			sourceTree = "<group>";
		};
		6AF09BFD27BF83DE00EFF17E /* Register */ = {
			isa = PBXGroup;
			children = (
				6AF09BFE27BF83F400EFF17E /* RegisterRouter.swift */,
				6AF09BFF27BF83F400EFF17E /* RegisterViewController.swift */,
				6AF09C0027BF83F400EFF17E /* RegisterViewModel.swift */,
				6AF09C0427BF840E00EFF17E /* RegisterRoute.swift */,
			);
			path = Register;
			sourceTree = "<group>";
		};
		D97D737DA24568F212E9C739 /* Frameworks */ = {
			isa = PBXGroup;
			children = (
				6A23F8F327B501CA0082079E /* Utilities.framework */,
				6A23F8F027B501AF0082079E /* UIComponents.framework */,
				6A23F8EC27B501AB0082079E /* DataProvider.framework */,
				6ABF3E9C27B40ECC0014D355 /* UIComponents.framework */,
				DDA0D8178EFDE9A84C9B1142 /* Pods_NoteBerkayMvvm.framework */,
				A1683BA3DB1B7F397C66EB53 /* Pods_NoteBerkayMvvm_NoteBerkayMvvmUITests.framework */,
				5F273B7F994D55F756B56291 /* Pods_NoteBerkayMvvmTests.framework */,
			);
			name = Frameworks;
			sourceTree = "<group>";
		};
/* End PBXGroup section */

/* Begin PBXNativeTarget section */
		6ABF3E5027B3FED50014D355 /* NoteBerkayMvvm */ = {
			isa = PBXNativeTarget;
			buildConfigurationList = 6ABF3E7B27B3FED90014D355 /* Build configuration list for PBXNativeTarget "NoteBerkayMvvm" */;
			buildPhases = (
				23C0657D612EECCD12CADE45 /* [CP] Check Pods Manifest.lock */,
				6ABF3E8427B401060014D355 /* Run SwiftLint */,
				6ABF3E4D27B3FED50014D355 /* Sources */,
				6ABF3E4E27B3FED50014D355 /* Frameworks */,
				6ABF3E4F27B3FED50014D355 /* Resources */,
				6A23F8EF27B501AB0082079E /* Embed Frameworks */,
				CEF95878D4DB06506995AA08 /* [CP] Embed Pods Frameworks */,
			);
			buildRules = (
			);
			dependencies = (
			);
			name = NoteBerkayMvvm;
			productName = NoteBerkayMvvm;
			productReference = 6ABF3E5127B3FED50014D355 /* NoteBerkayMvvm.app */;
			productType = "com.apple.product-type.application";
		};
		6ABF3E6627B3FED80014D355 /* NoteBerkayMvvmTests */ = {
			isa = PBXNativeTarget;
			buildConfigurationList = 6ABF3E7E27B3FED90014D355 /* Build configuration list for PBXNativeTarget "NoteBerkayMvvmTests" */;
			buildPhases = (
				40A147A18CE010DFD303E9EF /* [CP] Check Pods Manifest.lock */,
				6ABF3E6327B3FED80014D355 /* Sources */,
				6ABF3E6427B3FED80014D355 /* Frameworks */,
				6ABF3E6527B3FED80014D355 /* Resources */,
			);
			buildRules = (
			);
			dependencies = (
				6ABF3E6927B3FED90014D355 /* PBXTargetDependency */,
			);
			name = NoteBerkayMvvmTests;
			productName = NoteBerkayMvvmTests;
			productReference = 6ABF3E6727B3FED80014D355 /* NoteBerkayMvvmTests.xctest */;
			productType = "com.apple.product-type.bundle.unit-test";
		};
		6ABF3E7127B3FED90014D355 /* NoteBerkayMvvmUITests */ = {
			isa = PBXNativeTarget;
			buildConfigurationList = 6ABF3E8127B3FED90014D355 /* Build configuration list for PBXNativeTarget "NoteBerkayMvvmUITests" */;
			buildPhases = (
				0FD1D69DAC9540296C6C06B7 /* [CP] Check Pods Manifest.lock */,
				6ABF3E6E27B3FED90014D355 /* Sources */,
				6ABF3E6F27B3FED90014D355 /* Frameworks */,
				6ABF3E7027B3FED90014D355 /* Resources */,
				72AF5BB7503262F0900D743E /* [CP] Embed Pods Frameworks */,
			);
			buildRules = (
			);
			dependencies = (
				6ABF3E7427B3FED90014D355 /* PBXTargetDependency */,
			);
			name = NoteBerkayMvvmUITests;
			productName = NoteBerkayMvvmUITests;
			productReference = 6ABF3E7227B3FED90014D355 /* NoteBerkayMvvmUITests.xctest */;
			productType = "com.apple.product-type.bundle.ui-testing";
		};
/* End PBXNativeTarget section */

/* Begin PBXProject section */
		6ABF3E4927B3FED50014D355 /* Project object */ = {
			isa = PBXProject;
			attributes = {
				LastSwiftUpdateCheck = 1250;
				LastUpgradeCheck = 1250;
				TargetAttributes = {
					6ABF3E5027B3FED50014D355 = {
						CreatedOnToolsVersion = 12.5.1;
						LastSwiftMigration = 1250;
					};
					6ABF3E6627B3FED80014D355 = {
						CreatedOnToolsVersion = 12.5.1;
						TestTargetID = 6ABF3E5027B3FED50014D355;
					};
					6ABF3E7127B3FED90014D355 = {
						CreatedOnToolsVersion = 12.5.1;
						TestTargetID = 6ABF3E5027B3FED50014D355;
					};
				};
			};
			buildConfigurationList = 6ABF3E4C27B3FED50014D355 /* Build configuration list for PBXProject "NoteBerkayMvvm" */;
			compatibilityVersion = "Xcode 9.3";
			developmentRegion = en;
			hasScannedForEncodings = 0;
			knownRegions = (
				en,
				Base,
			);
			mainGroup = 6ABF3E4827B3FED50014D355;
			productRefGroup = 6ABF3E5227B3FED50014D355 /* Products */;
			projectDirPath = "";
			projectRoot = "";
			targets = (
				6ABF3E5027B3FED50014D355 /* NoteBerkayMvvm */,
				6ABF3E6627B3FED80014D355 /* NoteBerkayMvvmTests */,
				6ABF3E7127B3FED90014D355 /* NoteBerkayMvvmUITests */,
			);
		};
/* End PBXProject section */

/* Begin PBXResourcesBuildPhase section */
		6ABF3E4F27B3FED50014D355 /* Resources */ = {
			isa = PBXResourcesBuildPhase;
			buildActionMask = 2147483647;
			files = (
				6ABF3E5E27B3FED80014D355 /* Assets.xcassets in Resources */,
				6A23F85227B4FF5D0082079E /* LaunchScreen.storyboard in Resources */,
			);
			runOnlyForDeploymentPostprocessing = 0;
		};
		6ABF3E6527B3FED80014D355 /* Resources */ = {
			isa = PBXResourcesBuildPhase;
			buildActionMask = 2147483647;
			files = (
			);
			runOnlyForDeploymentPostprocessing = 0;
		};
		6ABF3E7027B3FED90014D355 /* Resources */ = {
			isa = PBXResourcesBuildPhase;
			buildActionMask = 2147483647;
			files = (
			);
			runOnlyForDeploymentPostprocessing = 0;
		};
/* End PBXResourcesBuildPhase section */

/* Begin PBXShellScriptBuildPhase section */
		0FD1D69DAC9540296C6C06B7 /* [CP] Check Pods Manifest.lock */ = {
			isa = PBXShellScriptBuildPhase;
			buildActionMask = 2147483647;
			files = (
			);
			inputFileListPaths = (
			);
			inputPaths = (
				"${PODS_PODFILE_DIR_PATH}/Podfile.lock",
				"${PODS_ROOT}/Manifest.lock",
			);
			name = "[CP] Check Pods Manifest.lock";
			outputFileListPaths = (
			);
			outputPaths = (
				"$(DERIVED_FILE_DIR)/Pods-NoteBerkayMvvm-NoteBerkayMvvmUITests-checkManifestLockResult.txt",
			);
			runOnlyForDeploymentPostprocessing = 0;
			shellPath = /bin/sh;
			shellScript = "diff \"${PODS_PODFILE_DIR_PATH}/Podfile.lock\" \"${PODS_ROOT}/Manifest.lock\" > /dev/null\nif [ $? != 0 ] ; then\n    # print error to STDERR\n    echo \"error: The sandbox is not in sync with the Podfile.lock. Run 'pod install' or update your CocoaPods installation.\" >&2\n    exit 1\nfi\n# This output is used by Xcode 'outputs' to avoid re-running this script phase.\necho \"SUCCESS\" > \"${SCRIPT_OUTPUT_FILE_0}\"\n";
			showEnvVarsInLog = 0;
		};
		23C0657D612EECCD12CADE45 /* [CP] Check Pods Manifest.lock */ = {
			isa = PBXShellScriptBuildPhase;
			buildActionMask = 2147483647;
			files = (
			);
			inputFileListPaths = (
			);
			inputPaths = (
				"${PODS_PODFILE_DIR_PATH}/Podfile.lock",
				"${PODS_ROOT}/Manifest.lock",
			);
			name = "[CP] Check Pods Manifest.lock";
			outputFileListPaths = (
			);
			outputPaths = (
				"$(DERIVED_FILE_DIR)/Pods-NoteBerkayMvvm-checkManifestLockResult.txt",
			);
			runOnlyForDeploymentPostprocessing = 0;
			shellPath = /bin/sh;
			shellScript = "diff \"${PODS_PODFILE_DIR_PATH}/Podfile.lock\" \"${PODS_ROOT}/Manifest.lock\" > /dev/null\nif [ $? != 0 ] ; then\n    # print error to STDERR\n    echo \"error: The sandbox is not in sync with the Podfile.lock. Run 'pod install' or update your CocoaPods installation.\" >&2\n    exit 1\nfi\n# This output is used by Xcode 'outputs' to avoid re-running this script phase.\necho \"SUCCESS\" > \"${SCRIPT_OUTPUT_FILE_0}\"\n";
			showEnvVarsInLog = 0;
		};
		40A147A18CE010DFD303E9EF /* [CP] Check Pods Manifest.lock */ = {
			isa = PBXShellScriptBuildPhase;
			buildActionMask = 2147483647;
			files = (
			);
			inputFileListPaths = (
			);
			inputPaths = (
				"${PODS_PODFILE_DIR_PATH}/Podfile.lock",
				"${PODS_ROOT}/Manifest.lock",
			);
			name = "[CP] Check Pods Manifest.lock";
			outputFileListPaths = (
			);
			outputPaths = (
				"$(DERIVED_FILE_DIR)/Pods-NoteBerkayMvvmTests-checkManifestLockResult.txt",
			);
			runOnlyForDeploymentPostprocessing = 0;
			shellPath = /bin/sh;
			shellScript = "diff \"${PODS_PODFILE_DIR_PATH}/Podfile.lock\" \"${PODS_ROOT}/Manifest.lock\" > /dev/null\nif [ $? != 0 ] ; then\n    # print error to STDERR\n    echo \"error: The sandbox is not in sync with the Podfile.lock. Run 'pod install' or update your CocoaPods installation.\" >&2\n    exit 1\nfi\n# This output is used by Xcode 'outputs' to avoid re-running this script phase.\necho \"SUCCESS\" > \"${SCRIPT_OUTPUT_FILE_0}\"\n";
			showEnvVarsInLog = 0;
		};
		6ABF3E8427B401060014D355 /* Run SwiftLint */ = {
			isa = PBXShellScriptBuildPhase;
			buildActionMask = 2147483647;
			files = (
			);
			inputFileListPaths = (
			);
			inputPaths = (
			);
			name = "Run SwiftLint";
			outputFileListPaths = (
			);
			outputPaths = (
			);
			runOnlyForDeploymentPostprocessing = 0;
			shellPath = /bin/sh;
			shellScript = "\"${PODS_ROOT}/SwiftLint/swiftlint\"\n\n";
		};
		72AF5BB7503262F0900D743E /* [CP] Embed Pods Frameworks */ = {
			isa = PBXShellScriptBuildPhase;
			buildActionMask = 2147483647;
			files = (
			);
			inputFileListPaths = (
				"${PODS_ROOT}/Target Support Files/Pods-NoteBerkayMvvm-NoteBerkayMvvmUITests/Pods-NoteBerkayMvvm-NoteBerkayMvvmUITests-frameworks-${CONFIGURATION}-input-files.xcfilelist",
			);
			name = "[CP] Embed Pods Frameworks";
			outputFileListPaths = (
				"${PODS_ROOT}/Target Support Files/Pods-NoteBerkayMvvm-NoteBerkayMvvmUITests/Pods-NoteBerkayMvvm-NoteBerkayMvvmUITests-frameworks-${CONFIGURATION}-output-files.xcfilelist",
			);
			runOnlyForDeploymentPostprocessing = 0;
			shellPath = /bin/sh;
			shellScript = "\"${PODS_ROOT}/Target Support Files/Pods-NoteBerkayMvvm-NoteBerkayMvvmUITests/Pods-NoteBerkayMvvm-NoteBerkayMvvmUITests-frameworks.sh\"\n";
			showEnvVarsInLog = 0;
		};
		CEF95878D4DB06506995AA08 /* [CP] Embed Pods Frameworks */ = {
			isa = PBXShellScriptBuildPhase;
			buildActionMask = 2147483647;
			files = (
			);
			inputFileListPaths = (
				"${PODS_ROOT}/Target Support Files/Pods-NoteBerkayMvvm/Pods-NoteBerkayMvvm-frameworks-${CONFIGURATION}-input-files.xcfilelist",
			);
			name = "[CP] Embed Pods Frameworks";
			outputFileListPaths = (
				"${PODS_ROOT}/Target Support Files/Pods-NoteBerkayMvvm/Pods-NoteBerkayMvvm-frameworks-${CONFIGURATION}-output-files.xcfilelist",
			);
			runOnlyForDeploymentPostprocessing = 0;
			shellPath = /bin/sh;
			shellScript = "\"${PODS_ROOT}/Target Support Files/Pods-NoteBerkayMvvm/Pods-NoteBerkayMvvm-frameworks.sh\"\n";
			showEnvVarsInLog = 0;
		};
/* End PBXShellScriptBuildPhase section */

/* Begin PBXSourcesBuildPhase section */
		6ABF3E4D27B3FED50014D355 /* Sources */ = {
			isa = PBXSourcesBuildPhase;
			buildActionMask = 2147483647;
			files = (
				6A65BA5827C6246200886636 /* NotesListRouter.swift in Sources */,
				6A23F91E27B540E20082079E /* LoginViewController.swift in Sources */,
				6AF09C0127BF83F400EFF17E /* RegisterRouter.swift in Sources */,
				6A23F90727B532A50082079E /* ModalTransition.swift in Sources */,
				6AB6C3CE27BA8D4400286238 /* ApiRequestInterceptor.swift in Sources */,
				6A23F90427B532990082079E /* PushTransition.swift in Sources */,
				6A23F92127B540F70082079E /* LoginRoute.swift in Sources */,
				6AB6C3CC27BA8D2000286238 /* ApiLogger.swift in Sources */,
				6AB6C3D027BA8D9E00286238 /* DataProvider.swift in Sources */,
				6A23F90027B530030082079E /* Router.swift in Sources */,
				6AD00BC127C78217008F9190 /* AddNoteRouter.swift in Sources */,
				6A4C480B27C4FC8200845F66 /* ForgotPasswordConfirmViewController.swift in Sources */,
				6AF09C0227BF83F400EFF17E /* RegisterViewController.swift in Sources */,
				6A23F8FE27B52FC30082079E /* Animator.swift in Sources */,
				6A60AB8A27C3703A00889B83 /* AppDelegate+IQKeyboardManager.swift in Sources */,
				6AD00BC527C7822A008F9190 /* AddNoteRoute.swift in Sources */,
				6A65BA5C27C6248600886636 /* NotesListRoute.swift in Sources */,
				6A4C480E27C4FCD400845F66 /* ForgotPasswordConfirmRoute.swift in Sources */,
				6A4C480C27C4FC8200845F66 /* ForgotPasswordConfirmViewModel.swift in Sources */,
				6A65BA5A27C6246200886636 /* NotesListViewModel.swift in Sources */,
				6A8606C827BD4CFD00A352BD /* MainNavigationController.swift in Sources */,
				6AD00BC327C78217008F9190 /* AddNoteViewModel.swift in Sources */,
				6A4C47F227C3D7DB00845F66 /* Validation.swift in Sources */,
				6A23F91727B5403A0082079E /* PlaceOnWindowTransition.swift in Sources */,
				6A23F91127B535540082079E /* BaseViewModel.swift in Sources */,
				6A23F91F27B540E20082079E /* LoginViewModel.swift in Sources */,
				6AF09C0327BF83F400EFF17E /* RegisterViewModel.swift in Sources */,
				6A4C47FB27C4CE7300845F66 /* ForgotPasswordRoute.swift in Sources */,
				6AD00BDD27C7F747008F9190 /* DetailVCShowType.swift in Sources */,
				6A23F91027B535540082079E /* BaseViewController.swift in Sources */,
				6AF09C0527BF840E00EFF17E /* RegisterRoute.swift in Sources */,
				6A23F91227B535540082079E /* BaseRouter.swift in Sources */,
				6A23F92327B5454C0082079E /* AppRouter.swift in Sources */,
				6AD00BDA27C7F29C008F9190 /* Notification+Extension.swift in Sources */,
				6A65BA5927C6246200886636 /* NotesListViewController.swift in Sources */,
				6A23F90A27B532B00082079E /* Transition.swift in Sources */,
				6A4C47F827C4CE0C00845F66 /* ForgotPasswordViewController.swift in Sources */,
				6A4C47F927C4CE0C00845F66 /* ForgotPasswordViewModel.swift in Sources */,
				6A23F91D27B540E20082079E /* LoginRouter.swift in Sources */,
				6AD00BC227C78217008F9190 /* AddNoteViewController.swift in Sources */,
				6A4C480A27C4FC8200845F66 /* ForgotPasswordConfirmRouter.swift in Sources */,
				6A4C47F727C4CE0C00845F66 /* ForgotPasswordRouter.swift in Sources */,
				6ABF3E5527B3FED50014D355 /* AppDelegate.swift in Sources */,
			);
			runOnlyForDeploymentPostprocessing = 0;
		};
		6ABF3E6327B3FED80014D355 /* Sources */ = {
			isa = PBXSourcesBuildPhase;
			buildActionMask = 2147483647;
			files = (
				6ABF3E6C27B3FED90014D355 /* NoteBerkayMvvmTests.swift in Sources */,
			);
			runOnlyForDeploymentPostprocessing = 0;
		};
		6ABF3E6E27B3FED90014D355 /* Sources */ = {
			isa = PBXSourcesBuildPhase;
			buildActionMask = 2147483647;
			files = (
				6ABF3E7727B3FED90014D355 /* NoteBerkayMvvmUITests.swift in Sources */,
			);
			runOnlyForDeploymentPostprocessing = 0;
		};
/* End PBXSourcesBuildPhase section */

/* Begin PBXTargetDependency section */
		6ABF3E6927B3FED90014D355 /* PBXTargetDependency */ = {
			isa = PBXTargetDependency;
			target = 6ABF3E5027B3FED50014D355 /* NoteBerkayMvvm */;
			targetProxy = 6ABF3E6827B3FED90014D355 /* PBXContainerItemProxy */;
		};
		6ABF3E7427B3FED90014D355 /* PBXTargetDependency */ = {
			isa = PBXTargetDependency;
			target = 6ABF3E5027B3FED50014D355 /* NoteBerkayMvvm */;
			targetProxy = 6ABF3E7327B3FED90014D355 /* PBXContainerItemProxy */;
		};
/* End PBXTargetDependency section */

/* Begin XCBuildConfiguration section */
		6ABF3E7927B3FED90014D355 /* Debug */ = {
			isa = XCBuildConfiguration;
			buildSettings = {
				ALWAYS_SEARCH_USER_PATHS = NO;
				CLANG_ANALYZER_NONNULL = YES;
				CLANG_ANALYZER_NUMBER_OBJECT_CONVERSION = YES_AGGRESSIVE;
				CLANG_CXX_LANGUAGE_STANDARD = "gnu++14";
				CLANG_CXX_LIBRARY = "libc++";
				CLANG_ENABLE_MODULES = YES;
				CLANG_ENABLE_OBJC_ARC = YES;
				CLANG_ENABLE_OBJC_WEAK = YES;
				CLANG_WARN_BLOCK_CAPTURE_AUTORELEASING = YES;
				CLANG_WARN_BOOL_CONVERSION = YES;
				CLANG_WARN_COMMA = YES;
				CLANG_WARN_CONSTANT_CONVERSION = YES;
				CLANG_WARN_DEPRECATED_OBJC_IMPLEMENTATIONS = YES;
				CLANG_WARN_DIRECT_OBJC_ISA_USAGE = YES_ERROR;
				CLANG_WARN_DOCUMENTATION_COMMENTS = YES;
				CLANG_WARN_EMPTY_BODY = YES;
				CLANG_WARN_ENUM_CONVERSION = YES;
				CLANG_WARN_INFINITE_RECURSION = YES;
				CLANG_WARN_INT_CONVERSION = YES;
				CLANG_WARN_NON_LITERAL_NULL_CONVERSION = YES;
				CLANG_WARN_OBJC_IMPLICIT_RETAIN_SELF = YES;
				CLANG_WARN_OBJC_LITERAL_CONVERSION = YES;
				CLANG_WARN_OBJC_ROOT_CLASS = YES_ERROR;
				CLANG_WARN_QUOTED_INCLUDE_IN_FRAMEWORK_HEADER = YES;
				CLANG_WARN_RANGE_LOOP_ANALYSIS = YES;
				CLANG_WARN_STRICT_PROTOTYPES = YES;
				CLANG_WARN_SUSPICIOUS_MOVE = YES;
				CLANG_WARN_UNGUARDED_AVAILABILITY = YES_AGGRESSIVE;
				CLANG_WARN_UNREACHABLE_CODE = YES;
				CLANG_WARN__DUPLICATE_METHOD_MATCH = YES;
				COPY_PHASE_STRIP = NO;
				DEBUG_INFORMATION_FORMAT = dwarf;
				ENABLE_STRICT_OBJC_MSGSEND = YES;
				ENABLE_TESTABILITY = YES;
				GCC_C_LANGUAGE_STANDARD = gnu11;
				GCC_DYNAMIC_NO_PIC = NO;
				GCC_NO_COMMON_BLOCKS = YES;
				GCC_OPTIMIZATION_LEVEL = 0;
				GCC_PREPROCESSOR_DEFINITIONS = (
					"DEBUG=1",
					"$(inherited)",
				);
				GCC_WARN_64_TO_32_BIT_CONVERSION = YES;
				GCC_WARN_ABOUT_RETURN_TYPE = YES_ERROR;
				GCC_WARN_UNDECLARED_SELECTOR = YES;
				GCC_WARN_UNINITIALIZED_AUTOS = YES_AGGRESSIVE;
				GCC_WARN_UNUSED_FUNCTION = YES;
				GCC_WARN_UNUSED_VARIABLE = YES;
				IPHONEOS_DEPLOYMENT_TARGET = 14.5;
				MTL_ENABLE_DEBUG_INFO = INCLUDE_SOURCE;
				MTL_FAST_MATH = YES;
				ONLY_ACTIVE_ARCH = YES;
				SDKROOT = iphoneos;
				SWIFT_ACTIVE_COMPILATION_CONDITIONS = DEBUG;
				SWIFT_OPTIMIZATION_LEVEL = "-Onone";
			};
			name = Debug;
		};
		6ABF3E7A27B3FED90014D355 /* Release */ = {
			isa = XCBuildConfiguration;
			buildSettings = {
				ALWAYS_SEARCH_USER_PATHS = NO;
				CLANG_ANALYZER_NONNULL = YES;
				CLANG_ANALYZER_NUMBER_OBJECT_CONVERSION = YES_AGGRESSIVE;
				CLANG_CXX_LANGUAGE_STANDARD = "gnu++14";
				CLANG_CXX_LIBRARY = "libc++";
				CLANG_ENABLE_MODULES = YES;
				CLANG_ENABLE_OBJC_ARC = YES;
				CLANG_ENABLE_OBJC_WEAK = YES;
				CLANG_WARN_BLOCK_CAPTURE_AUTORELEASING = YES;
				CLANG_WARN_BOOL_CONVERSION = YES;
				CLANG_WARN_COMMA = YES;
				CLANG_WARN_CONSTANT_CONVERSION = YES;
				CLANG_WARN_DEPRECATED_OBJC_IMPLEMENTATIONS = YES;
				CLANG_WARN_DIRECT_OBJC_ISA_USAGE = YES_ERROR;
				CLANG_WARN_DOCUMENTATION_COMMENTS = YES;
				CLANG_WARN_EMPTY_BODY = YES;
				CLANG_WARN_ENUM_CONVERSION = YES;
				CLANG_WARN_INFINITE_RECURSION = YES;
				CLANG_WARN_INT_CONVERSION = YES;
				CLANG_WARN_NON_LITERAL_NULL_CONVERSION = YES;
				CLANG_WARN_OBJC_IMPLICIT_RETAIN_SELF = YES;
				CLANG_WARN_OBJC_LITERAL_CONVERSION = YES;
				CLANG_WARN_OBJC_ROOT_CLASS = YES_ERROR;
				CLANG_WARN_QUOTED_INCLUDE_IN_FRAMEWORK_HEADER = YES;
				CLANG_WARN_RANGE_LOOP_ANALYSIS = YES;
				CLANG_WARN_STRICT_PROTOTYPES = YES;
				CLANG_WARN_SUSPICIOUS_MOVE = YES;
				CLANG_WARN_UNGUARDED_AVAILABILITY = YES_AGGRESSIVE;
				CLANG_WARN_UNREACHABLE_CODE = YES;
				CLANG_WARN__DUPLICATE_METHOD_MATCH = YES;
				COPY_PHASE_STRIP = NO;
				DEBUG_INFORMATION_FORMAT = "dwarf-with-dsym";
				ENABLE_NS_ASSERTIONS = NO;
				ENABLE_STRICT_OBJC_MSGSEND = YES;
				GCC_C_LANGUAGE_STANDARD = gnu11;
				GCC_NO_COMMON_BLOCKS = YES;
				GCC_WARN_64_TO_32_BIT_CONVERSION = YES;
				GCC_WARN_ABOUT_RETURN_TYPE = YES_ERROR;
				GCC_WARN_UNDECLARED_SELECTOR = YES;
				GCC_WARN_UNINITIALIZED_AUTOS = YES_AGGRESSIVE;
				GCC_WARN_UNUSED_FUNCTION = YES;
				GCC_WARN_UNUSED_VARIABLE = YES;
				IPHONEOS_DEPLOYMENT_TARGET = 14.5;
				MTL_ENABLE_DEBUG_INFO = NO;
				MTL_FAST_MATH = YES;
				SDKROOT = iphoneos;
				SWIFT_COMPILATION_MODE = wholemodule;
				SWIFT_OPTIMIZATION_LEVEL = "-O";
				VALIDATE_PRODUCT = YES;
			};
			name = Release;
		};
		6ABF3E7C27B3FED90014D355 /* Debug */ = {
			isa = XCBuildConfiguration;
			baseConfigurationReference = 40B22DD38680BF9BD0E9822E /* Pods-NoteBerkayMvvm.debug.xcconfig */;
			buildSettings = {
				ASSETCATALOG_COMPILER_APPICON_NAME = AppIcon;
				ASSETCATALOG_COMPILER_GLOBAL_ACCENT_COLOR_NAME = AccentColor;
				CLANG_ENABLE_MODULES = YES;
				CODE_SIGN_STYLE = Automatic;
				DEVELOPMENT_TEAM = T2Z6Q6SV9B;
				INFOPLIST_FILE = NoteBerkayMvvm/Configurations/Release/Info.plist;
				IPHONEOS_DEPLOYMENT_TARGET = 11.0;
				LD_RUNPATH_SEARCH_PATHS = (
					"$(inherited)",
					"@executable_path/Frameworks",
				);
				PRODUCT_BUNDLE_IDENTIFIER = com.mbk.NoteBerkayMvvm;
				PRODUCT_NAME = "$(TARGET_NAME)";
				SWIFT_OBJC_BRIDGING_HEADER = "NoteBerkayMvvm/Configurations/BridgingHeader/NoteBerkayMvvm-Bridging-Header.h";
				SWIFT_OPTIMIZATION_LEVEL = "-Onone";
				SWIFT_VERSION = 5.0;
				TARGETED_DEVICE_FAMILY = "1,2";
			};
			name = Debug;
		};
		6ABF3E7D27B3FED90014D355 /* Release */ = {
			isa = XCBuildConfiguration;
			baseConfigurationReference = 8DDAC545CD9EFD47199BD1EC /* Pods-NoteBerkayMvvm.release.xcconfig */;
			buildSettings = {
				ASSETCATALOG_COMPILER_APPICON_NAME = AppIcon;
				ASSETCATALOG_COMPILER_GLOBAL_ACCENT_COLOR_NAME = AccentColor;
				CLANG_ENABLE_MODULES = YES;
				CODE_SIGN_STYLE = Automatic;
				DEVELOPMENT_TEAM = T2Z6Q6SV9B;
				INFOPLIST_FILE = NoteBerkayMvvm/Configurations/Release/Info.plist;
				IPHONEOS_DEPLOYMENT_TARGET = 11.0;
				LD_RUNPATH_SEARCH_PATHS = (
					"$(inherited)",
					"@executable_path/Frameworks",
				);
				PRODUCT_BUNDLE_IDENTIFIER = com.mbk.NoteBerkayMvvm;
				PRODUCT_NAME = "$(TARGET_NAME)";
				SWIFT_OBJC_BRIDGING_HEADER = "NoteBerkayMvvm/Configurations/BridgingHeader/NoteBerkayMvvm-Bridging-Header.h";
				SWIFT_VERSION = 5.0;
				TARGETED_DEVICE_FAMILY = "1,2";
			};
			name = Release;
		};
		6ABF3E7F27B3FED90014D355 /* Debug */ = {
			isa = XCBuildConfiguration;
			baseConfigurationReference = C6302BCF968DE29E93FC3BAA /* Pods-NoteBerkayMvvmTests.debug.xcconfig */;
			buildSettings = {
				ALWAYS_EMBED_SWIFT_STANDARD_LIBRARIES = YES;
				BUNDLE_LOADER = "$(TEST_HOST)";
				CODE_SIGN_STYLE = Automatic;
				DEVELOPMENT_TEAM = T2Z6Q6SV9B;
				INFOPLIST_FILE = NoteBerkayMvvmTests/Info.plist;
				IPHONEOS_DEPLOYMENT_TARGET = 14.5;
				LD_RUNPATH_SEARCH_PATHS = (
					"$(inherited)",
					"@executable_path/Frameworks",
					"@loader_path/Frameworks",
				);
				PRODUCT_BUNDLE_IDENTIFIER = com.mbk.NoteBerkayMvvmTests;
				PRODUCT_NAME = "$(TARGET_NAME)";
				SWIFT_VERSION = 5.0;
				TARGETED_DEVICE_FAMILY = "1,2";
				TEST_HOST = "$(BUILT_PRODUCTS_DIR)/NoteBerkayMvvm.app/NoteBerkayMvvm";
			};
			name = Debug;
		};
		6ABF3E8027B3FED90014D355 /* Release */ = {
			isa = XCBuildConfiguration;
			baseConfigurationReference = B8D75F222873CD9687BCF0EC /* Pods-NoteBerkayMvvmTests.release.xcconfig */;
			buildSettings = {
				ALWAYS_EMBED_SWIFT_STANDARD_LIBRARIES = YES;
				BUNDLE_LOADER = "$(TEST_HOST)";
				CODE_SIGN_STYLE = Automatic;
				DEVELOPMENT_TEAM = T2Z6Q6SV9B;
				INFOPLIST_FILE = NoteBerkayMvvmTests/Info.plist;
				IPHONEOS_DEPLOYMENT_TARGET = 14.5;
				LD_RUNPATH_SEARCH_PATHS = (
					"$(inherited)",
					"@executable_path/Frameworks",
					"@loader_path/Frameworks",
				);
				PRODUCT_BUNDLE_IDENTIFIER = com.mbk.NoteBerkayMvvmTests;
				PRODUCT_NAME = "$(TARGET_NAME)";
				SWIFT_VERSION = 5.0;
				TARGETED_DEVICE_FAMILY = "1,2";
				TEST_HOST = "$(BUILT_PRODUCTS_DIR)/NoteBerkayMvvm.app/NoteBerkayMvvm";
			};
			name = Release;
		};
		6ABF3E8227B3FED90014D355 /* Debug */ = {
			isa = XCBuildConfiguration;
			baseConfigurationReference = 92E3C1C2FA426F7A569082C2 /* Pods-NoteBerkayMvvm-NoteBerkayMvvmUITests.debug.xcconfig */;
			buildSettings = {
				ALWAYS_EMBED_SWIFT_STANDARD_LIBRARIES = YES;
				CODE_SIGN_STYLE = Automatic;
				DEVELOPMENT_TEAM = T2Z6Q6SV9B;
				INFOPLIST_FILE = NoteBerkayMvvmUITests/Info.plist;
				LD_RUNPATH_SEARCH_PATHS = (
					"$(inherited)",
					"@executable_path/Frameworks",
					"@loader_path/Frameworks",
				);
				PRODUCT_BUNDLE_IDENTIFIER = com.mbk.NoteBerkayMvvmUITests;
				PRODUCT_NAME = "$(TARGET_NAME)";
				SWIFT_VERSION = 5.0;
				TARGETED_DEVICE_FAMILY = "1,2";
				TEST_TARGET_NAME = NoteBerkayMvvm;
			};
			name = Debug;
		};
		6ABF3E8327B3FED90014D355 /* Release */ = {
			isa = XCBuildConfiguration;
			baseConfigurationReference = 5E33A7A2B6EA93BD6C3514F8 /* Pods-NoteBerkayMvvm-NoteBerkayMvvmUITests.release.xcconfig */;
			buildSettings = {
				ALWAYS_EMBED_SWIFT_STANDARD_LIBRARIES = YES;
				CODE_SIGN_STYLE = Automatic;
				DEVELOPMENT_TEAM = T2Z6Q6SV9B;
				INFOPLIST_FILE = NoteBerkayMvvmUITests/Info.plist;
				LD_RUNPATH_SEARCH_PATHS = (
					"$(inherited)",
					"@executable_path/Frameworks",
					"@loader_path/Frameworks",
				);
				PRODUCT_BUNDLE_IDENTIFIER = com.mbk.NoteBerkayMvvmUITests;
				PRODUCT_NAME = "$(TARGET_NAME)";
				SWIFT_VERSION = 5.0;
				TARGETED_DEVICE_FAMILY = "1,2";
				TEST_TARGET_NAME = NoteBerkayMvvm;
			};
			name = Release;
		};
/* End XCBuildConfiguration section */

/* Begin XCConfigurationList section */
		6ABF3E4C27B3FED50014D355 /* Build configuration list for PBXProject "NoteBerkayMvvm" */ = {
			isa = XCConfigurationList;
			buildConfigurations = (
				6ABF3E7927B3FED90014D355 /* Debug */,
				6ABF3E7A27B3FED90014D355 /* Release */,
			);
			defaultConfigurationIsVisible = 0;
			defaultConfigurationName = Release;
		};
		6ABF3E7B27B3FED90014D355 /* Build configuration list for PBXNativeTarget "NoteBerkayMvvm" */ = {
			isa = XCConfigurationList;
			buildConfigurations = (
				6ABF3E7C27B3FED90014D355 /* Debug */,
				6ABF3E7D27B3FED90014D355 /* Release */,
			);
			defaultConfigurationIsVisible = 0;
			defaultConfigurationName = Release;
		};
		6ABF3E7E27B3FED90014D355 /* Build configuration list for PBXNativeTarget "NoteBerkayMvvmTests" */ = {
			isa = XCConfigurationList;
			buildConfigurations = (
				6ABF3E7F27B3FED90014D355 /* Debug */,
				6ABF3E8027B3FED90014D355 /* Release */,
			);
			defaultConfigurationIsVisible = 0;
			defaultConfigurationName = Release;
		};
		6ABF3E8127B3FED90014D355 /* Build configuration list for PBXNativeTarget "NoteBerkayMvvmUITests" */ = {
			isa = XCConfigurationList;
			buildConfigurations = (
				6ABF3E8227B3FED90014D355 /* Debug */,
				6ABF3E8327B3FED90014D355 /* Release */,
			);
			defaultConfigurationIsVisible = 0;
			defaultConfigurationName = Release;
		};
/* End XCConfigurationList section */
	};
	rootObject = 6ABF3E4927B3FED50014D355 /* Project object */;
}
